
Microsoft Visual Studio Solution File, Format Version 12.00
# Visual Studio 2013
VisualStudioVersion = 12.0.31101.0
MinimumVisualStudioVersion = 10.0.40219.1
Project("{8BC9CEB8-8B4A-11D0-8D11-00A0C91BC942}") = "Server", "Server\Server.vcxproj", "{FE1AF76D-6488-4C2F-AFC3-FCADF8D8CF05}"
EndProject
Project("{8BC9CEB8-8B4A-11D0-8D11-00A0C91BC942}") = "ObjectTest", "ObjectTest\ObjectTest.vcxproj", "{241559B4-1471-40CB-A299-3A7C37D1FECD}"
EndProject
Project("{8BC9CEB8-8B4A-11D0-8D11-00A0C91BC942}") = "Client", "Client\Client.vcxproj", "{E31D0E31-2581-4BB5-A744-3341CE734BC1}"
EndProject
Global
	GlobalSection(SolutionConfigurationPlatforms) = preSolution
		Debug|Win32 = Debug|Win32
		Release|Win32 = Release|Win32
	EndGlobalSection
	GlobalSection(ProjectConfigurationPlatforms) = postSolution
		{FE1AF76D-6488-4C2F-AFC3-FCADF8D8CF05}.Debug|Win32.ActiveCfg = Debug|Win32
		{FE1AF76D-6488-4C2F-AFC3-FCADF8D8CF05}.Debug|Win32.Build.0 = Debug|Win32
		{FE1AF76D-6488-4C2F-AFC3-FCADF8D8CF05}.Release|Win32.ActiveCfg = Release|Win32
		{FE1AF76D-6488-4C2F-AFC3-FCADF8D8CF05}.Release|Win32.Build.0 = Release|Win32
		{241559B4-1471-40CB-A299-3A7C37D1FECD}.Debug|Win32.ActiveCfg = Debug|Win32
		{241559B4-1471-40CB-A299-3A7C37D1FECD}.Debug|Win32.Build.0 = Debug|Win32
		{241559B4-1471-40CB-A299-3A7C37D1FECD}.Release|Win32.ActiveCfg = Release|Win32
		{241559B4-1471-40CB-A299-3A7C37D1FECD}.Release|Win32.Build.0 = Release|Win32
		{E31D0E31-2581-4BB5-A744-3341CE734BC1}.Debug|Win32.ActiveCfg = Debug|Win32
		{E31D0E31-2581-4BB5-A744-3341CE734BC1}.Debug|Win32.Build.0 = Debug|Win32
		{E31D0E31-2581-4BB5-A744-3341CE734BC1}.Release|Win32.ActiveCfg = Release|Win32
		{E31D0E31-2581-4BB5-A744-3341CE734BC1}.Release|Win32.Build.0 = Release|Win32
	EndGlobalSection
	GlobalSection(SolutionProperties) = preSolution
		HideSolutionNode = FALSE
	EndGlobalSection
EndGlobal
